
Microsoft Visual Studio Solution File, Format Version 12.00
# Visual Studio 15
VisualStudioVersion = 15.0.26124.0
MinimumVisualStudioVersion = 15.0.26124.0
Project("{FAE04EC0-301F-11D3-BF4B-00C04F79EFBC}") = "RunnersPal.Core", "RunnersPal.Core\RunnersPal.Core.csproj", "{B9854BE0-B458-4184-B78A-35F98FE444CA}"
EndProject
Project("{FAE04EC0-301F-11D3-BF4B-00C04F79EFBC}") = "RunnersPal.Core.Tests", "RunnersPal.Core.Tests\RunnersPal.Core.Tests.csproj", "{C88DA583-B1A3-442F-A85B-C389A9EA7F9C}"
EndProject
Project("{FAE04EC0-301F-11D3-BF4B-00C04F79EFBC}") = "RunnersPal.Elevation", "RunnersPal.Elevation\RunnersPal.Elevation.csproj", "{EB56218E-F030-44D5-9280-351ADA10CC66}"
EndProject
Global
	GlobalSection(SolutionConfigurationPlatforms) = preSolution
		Debug|Any CPU = Debug|Any CPU
		Debug|x64 = Debug|x64
		Debug|x86 = Debug|x86
		Release|Any CPU = Release|Any CPU
		Release|x64 = Release|x64
		Release|x86 = Release|x86
	EndGlobalSection
	GlobalSection(SolutionProperties) = preSolution
		HideSolutionNode = FALSE
	EndGlobalSection
	GlobalSection(ProjectConfigurationPlatforms) = postSolution
		{B9854BE0-B458-4184-B78A-35F98FE444CA}.Debug|Any CPU.ActiveCfg = Debug|Any CPU
		{B9854BE0-B458-4184-B78A-35F98FE444CA}.Debug|Any CPU.Build.0 = Debug|Any CPU
		{B9854BE0-B458-4184-B78A-35F98FE444CA}.Debug|x64.ActiveCfg = Debug|Any CPU
		{B9854BE0-B458-4184-B78A-35F98FE444CA}.Debug|x64.Build.0 = Debug|Any CPU
		{B9854BE0-B458-4184-B78A-35F98FE444CA}.Debug|x86.ActiveCfg = Debug|Any CPU
		{B9854BE0-B458-4184-B78A-35F98FE444CA}.Debug|x86.Build.0 = Debug|Any CPU
		{B9854BE0-B458-4184-B78A-35F98FE444CA}.Release|Any CPU.ActiveCfg = Release|Any CPU
		{B9854BE0-B458-4184-B78A-35F98FE444CA}.Release|Any CPU.Build.0 = Release|Any CPU
		{B9854BE0-B458-4184-B78A-35F98FE444CA}.Release|x64.ActiveCfg = Release|Any CPU
		{B9854BE0-B458-4184-B78A-35F98FE444CA}.Release|x64.Build.0 = Release|Any CPU
		{B9854BE0-B458-4184-B78A-35F98FE444CA}.Release|x86.ActiveCfg = Release|Any CPU
		{B9854BE0-B458-4184-B78A-35F98FE444CA}.Release|x86.Build.0 = Release|Any CPU
		{C88DA583-B1A3-442F-A85B-C389A9EA7F9C}.Debug|Any CPU.ActiveCfg = Debug|Any CPU
		{C88DA583-B1A3-442F-A85B-C389A9EA7F9C}.Debug|Any CPU.Build.0 = Debug|Any CPU
		{C88DA583-B1A3-442F-A85B-C389A9EA7F9C}.Debug|x64.ActiveCfg = Debug|Any CPU
		{C88DA583-B1A3-442F-A85B-C389A9EA7F9C}.Debug|x64.Build.0 = Debug|Any CPU
		{C88DA583-B1A3-442F-A85B-C389A9EA7F9C}.Debug|x86.ActiveCfg = Debug|Any CPU
		{C88DA583-B1A3-442F-A85B-C389A9EA7F9C}.Debug|x86.Build.0 = Debug|Any CPU
		{C88DA583-B1A3-442F-A85B-C389A9EA7F9C}.Release|Any CPU.ActiveCfg = Release|Any CPU
		{C88DA583-B1A3-442F-A85B-C389A9EA7F9C}.Release|Any CPU.Build.0 = Release|Any CPU
		{C88DA583-B1A3-442F-A85B-C389A9EA7F9C}.Release|x64.ActiveCfg = Release|Any CPU
		{C88DA583-B1A3-442F-A85B-C389A9EA7F9C}.Release|x64.Build.0 = Release|Any CPU
		{C88DA583-B1A3-442F-A85B-C389A9EA7F9C}.Release|x86.ActiveCfg = Release|Any CPU
		{C88DA583-B1A3-442F-A85B-C389A9EA7F9C}.Release|x86.Build.0 = Release|Any CPU
		{EB56218E-F030-44D5-9280-351ADA10CC66}.Debug|Any CPU.ActiveCfg = Debug|Any CPU
		{EB56218E-F030-44D5-9280-351ADA10CC66}.Debug|Any CPU.Build.0 = Debug|Any CPU
		{EB56218E-F030-44D5-9280-351ADA10CC66}.Debug|x64.ActiveCfg = Debug|Any CPU
		{EB56218E-F030-44D5-9280-351ADA10CC66}.Debug|x64.Build.0 = Debug|Any CPU
		{EB56218E-F030-44D5-9280-351ADA10CC66}.Debug|x86.ActiveCfg = Debug|Any CPU
		{EB56218E-F030-44D5-9280-351ADA10CC66}.Debug|x86.Build.0 = Debug|Any CPU
		{EB56218E-F030-44D5-9280-351ADA10CC66}.Release|Any CPU.ActiveCfg = Release|Any CPU
		{EB56218E-F030-44D5-9280-351ADA10CC66}.Release|Any CPU.Build.0 = Release|Any CPU
		{EB56218E-F030-44D5-9280-351ADA10CC66}.Release|x64.ActiveCfg = Release|Any CPU
		{EB56218E-F030-44D5-9280-351ADA10CC66}.Release|x64.Build.0 = Release|Any CPU
		{EB56218E-F030-44D5-9280-351ADA10CC66}.Release|x86.ActiveCfg = Release|Any CPU
		{EB56218E-F030-44D5-9280-351ADA10CC66}.Release|x86.Build.0 = Release|Any CPU
	EndGlobalSection
EndGlobal
